
Microsoft Visual Studio Solution File, Format Version 12.00
# Visual Studio Version 17
VisualStudioVersion = 17.3.32819.101
MinimumVisualStudioVersion = 10.0.40219.1
Project("{FAE04EC0-301F-11D3-BF4B-00C04F79EFBC}") = "LanchesMac", "LanchesMac\LanchesMac.csproj", "{17D5806F-8005-4752-B056-BE583881E47F}"
EndProject
Global
	GlobalSection(SolutionConfigurationPlatforms) = preSolution
		Debug|Any CPU = Debug|Any CPU
		Release|Any CPU = Release|Any CPU
	EndGlobalSection
	GlobalSection(ProjectConfigurationPlatforms) = postSolution
		{17D5806F-8005-4752-B056-BE583881E47F}.Debug|Any CPU.ActiveCfg = Debug|Any CPU
		{17D5806F-8005-4752-B056-BE583881E47F}.Debug|Any CPU.Build.0 = Debug|Any CPU
		{17D5806F-8005-4752-B056-BE583881E47F}.Release|Any CPU.ActiveCfg = Release|Any CPU
		{17D5806F-8005-4752-B056-BE583881E47F}.Release|Any CPU.Build.0 = Release|Any CPU
	EndGlobalSection
	GlobalSection(SolutionProperties) = preSolution
		HideSolutionNode = FALSE
	EndGlobalSection
	GlobalSection(ExtensibilityGlobals) = postSolution
		SolutionGuid = {E3383403-5BA6-4422-830B-3E90E1A3E05B}
	EndGlobalSection
EndGlobal
