
Microsoft Visual Studio Solution File, Format Version 12.00
# Visual Studio Version 17
VisualStudioVersion = 17.3.32819.101
MinimumVisualStudioVersion = 10.0.40219.1
Project("{FAE04EC0-301F-11D3-BF4B-00C04F79EFBC}") = "1-OlaMundo", "1-OlaMundo\1-OlaMundo.csproj", "{2AF2CF6F-E04C-4A77-A91C-4BD74F777495}"
EndProject
Project("{FAE04EC0-301F-11D3-BF4B-00C04F79EFBC}") = "2-CriandoVariaveis", "2-CriandoVariaveis\2-CriandoVariaveis.csproj", "{5F263B9D-05F8-4317-8BFB-9202D9F320A8}"
EndProject
Global
	GlobalSection(SolutionConfigurationPlatforms) = preSolution
		Debug|Any CPU = Debug|Any CPU
		Release|Any CPU = Release|Any CPU
	EndGlobalSection
	GlobalSection(ProjectConfigurationPlatforms) = postSolution
		{2AF2CF6F-E04C-4A77-A91C-4BD74F777495}.Debug|Any CPU.ActiveCfg = Debug|Any CPU
		{2AF2CF6F-E04C-4A77-A91C-4BD74F777495}.Debug|Any CPU.Build.0 = Debug|Any CPU
		{2AF2CF6F-E04C-4A77-A91C-4BD74F777495}.Release|Any CPU.ActiveCfg = Release|Any CPU
		{2AF2CF6F-E04C-4A77-A91C-4BD74F777495}.Release|Any CPU.Build.0 = Release|Any CPU
		{5F263B9D-05F8-4317-8BFB-9202D9F320A8}.Debug|Any CPU.ActiveCfg = Debug|Any CPU
		{5F263B9D-05F8-4317-8BFB-9202D9F320A8}.Debug|Any CPU.Build.0 = Debug|Any CPU
		{5F263B9D-05F8-4317-8BFB-9202D9F320A8}.Release|Any CPU.ActiveCfg = Release|Any CPU
		{5F263B9D-05F8-4317-8BFB-9202D9F320A8}.Release|Any CPU.Build.0 = Release|Any CPU
	EndGlobalSection
	GlobalSection(SolutionProperties) = preSolution
		HideSolutionNode = FALSE
	EndGlobalSection
	GlobalSection(ExtensibilityGlobals) = postSolution
		SolutionGuid = {50B31772-8BC7-4559-95E0-925ED6948E6B}
	EndGlobalSection
EndGlobal
